{
  "name": "logic-exercises",
  "version": "1.0.0",
  "lockfileVersion": 1,
  "requires": true,
  "dependencies": {
    "@types/node": {
      "version": "12.12.46",
      "resolved": "https://registry.npmjs.org/@types/node/-/node-12.12.46.tgz",
      "integrity": "sha512-CnBSlOd7ASSHx1kJ2kNmzevfA0vuDNrrek6J+3tsmE+p0cRToFvD1pCpQ5+ynZlgPV2MGBzLKsD1bUS+h9B/qA=="
    }
  }
}
